
Microsoft Visual Studio Solution File, Format Version 12.00
# Visual Studio Version 16
VisualStudioVersion = 16.0.30413.136
MinimumVisualStudioVersion = 10.0.40219.1
Project("{F184B08F-C81C-45F6-A57F-5ABD9991F28F}") = "ReporteVentasFeb", "ReporteVentasFeb\ReporteVentasFeb.vbproj", "{E247FF25-F19D-4DBE-BFCD-6A01F08B66C7}"
EndProject
Global
	GlobalSection(SolutionConfigurationPlatforms) = preSolution
		Debug|Any CPU = Debug|Any CPU
		Release|Any CPU = Release|Any CPU
	EndGlobalSection
	GlobalSection(ProjectConfigurationPlatforms) = postSolution
		{E247FF25-F19D-4DBE-BFCD-6A01F08B66C7}.Debug|Any CPU.ActiveCfg = Debug|Any CPU
		{E247FF25-F19D-4DBE-BFCD-6A01F08B66C7}.Debug|Any CPU.Build.0 = Debug|Any CPU
		{E247FF25-F19D-4DBE-BFCD-6A01F08B66C7}.Release|Any CPU.ActiveCfg = Release|Any CPU
		{E247FF25-F19D-4DBE-BFCD-6A01F08B66C7}.Release|Any CPU.Build.0 = Release|Any CPU
	EndGlobalSection
	GlobalSection(SolutionProperties) = preSolution
		HideSolutionNode = FALSE
	EndGlobalSection
	GlobalSection(ExtensibilityGlobals) = postSolution
		SolutionGuid = {8E335C3D-CBB2-4E60-856E-DDAC80B09CFB}
	EndGlobalSection
EndGlobal
